# THIS IS AN AUTOGENERATED FILE. DO NOT EDIT THIS FILE DIRECTLY.
assets/BackendControls.md:
  development: 2017-11-02T14:46:42-06:00   cb1afaaae64689285ce7b97f280cee71
  production: 2018-02-01T14:29:50-07:00   8458f61b6bccdc92549572e86ae165d3
assets/ajax-cart.js.liquid:
  development: 2017-11-02T14:46:42-06:00   e0199e337c238c5de91708a6c6da36ac
  production: 2018-02-01T14:29:32-07:00   e781b6511093dfd7b7f95033272e3000
assets/ajax-loader.gif:
  development: 2017-11-02T14:46:42-06:00   c5cd7f5300576ab4c88202b42f6ded62
  production: 2017-11-02T14:46:42-06:00   c5cd7f5300576ab4c88202b42f6ded62
assets/arrow-right.svg:
  development: 2017-11-02T14:46:42-06:00   e844b7ee590ed226791a9e3a08b416a8
  production: 2018-02-01T14:30:47-07:00   43f7b7c09e371c345b07eb096f468a9a
assets/autofit_images.js:
  development: 2017-12-28T10:03:43-07:00   6c8fcc1b9872f8a7875fdab573bcfe7e
  production: 2018-02-01T14:30:24-07:00   e839e7dd43081419d5e28c53d4ab9b01
assets/backgroundsize.min.htc:
  development: 2017-11-02T14:46:42-06:00   3646d426d3f484b6166c39ae1e83de1e
  production: 2018-02-01T14:29:33-07:00   7aadce498ea9c6dcdb6ff40e043c1aaa
assets/cart.svg:
  development: 2017-11-02T14:46:42-06:00   e12a2d3d792e569b237f8a8572398c6c
  production: 2018-02-01T14:30:04-07:00   c13f2cb53ea0686f96fa01379b389175
assets/gift-card.scss.liquid:
  development: 2017-11-02T14:46:43-06:00   bdbb61be53924dc76086ed6b8c600d3b
  production: 2018-02-01T14:29:58-07:00   5c072e61350f79c146c1036f744e702d
assets/handlebars.min.js:
  development: 2017-11-02T14:46:43-06:00   b3c11508a224ee83f86e2fc6491e9751
  production: 2018-02-01T14:30:16-07:00   bbdc800cc5783cc9c0e5fdd47196d506
assets/heart.png:
  development: 2017-11-02T14:46:43-06:00   145eb675b9d6feecf1545afe54ed71ea
  production: 2017-11-02T14:46:43-06:00   145eb675b9d6feecf1545afe54ed71ea
assets/heart.svg:
  development: 2017-11-02T14:46:43-06:00   743f9cfe589da5e0b7e2e23f895a8608
  production: 2018-02-01T14:30:20-07:00   f82c89408d8e14483ac47a29b8554ab6
assets/ico-gift-card.svg.liquid:
  development: 2017-11-02T14:46:43-06:00   6c6a0d7417e5467a40613dfce2c23a94
  production: 2018-02-01T14:30:15-07:00   9442cad943936379a6cd047acb2c71b6
assets/ico-select.svg.liquid:
  development: 2017-11-02T14:46:43-06:00   765be6d2ef08d76aa0f1aab48a10e2b7
  production: 2018-02-01T14:30:21-07:00   9c9cc5a57cc74a0a64c2f62b1370a920
assets/icons.eot:
  development: 2017-11-02T14:46:43-06:00   4ecb7df48c3002b24cc4e572a8dcc12d
  production: 2017-11-02T14:46:43-06:00   4ecb7df48c3002b24cc4e572a8dcc12d
assets/icons.json:
  development: 2017-11-02T14:46:43-06:00   2b9754d0f646647052464e1a5dbff785
  production: 2018-02-01T14:29:52-07:00   2b9754d0f646647052464e1a5dbff785
assets/icons.svg:
  development: 2017-11-02T14:46:43-06:00   d6ceaace00dd27d87ee4008c3fac5e6b
  production: 2018-02-01T14:29:38-07:00   ee39bf76bcfb53c6c421e8ac96d7ce1e
assets/icons.ttf:
  development: 2017-11-02T14:46:44-06:00   fb47e10b87ea6b72245f5f6d4ff89f9f
  production: 2017-11-02T14:46:44-06:00   fb47e10b87ea6b72245f5f6d4ff89f9f
assets/icons.woff:
  development: 2017-11-02T14:46:44-06:00   2e42f3c67b6e8f4af7485f9d39bf1d40
  production: 2017-11-02T14:46:44-06:00   2e42f3c67b6e8f4af7485f9d39bf1d40
assets/imagesloaded.pkgd.js:
  development: 2017-11-02T14:46:44-06:00   12d2c160b8058f1186689a95a620e1de
  production: 2018-02-01T14:29:42-07:00   8725a19b66058cd2d197e3ee4c2909d4
assets/index-placeholder-brands.png:
  development: 2017-11-02T14:46:44-06:00   51a1677953bbceb1539c12e46ff7426b
  production: 2017-11-02T14:46:44-06:00   51a1677953bbceb1539c12e46ff7426b
assets/index-placeholder-features.png:
  development: 2017-11-02T14:46:44-06:00   1b97dff3f59033c34841c6139d3dbe64
  production: 2017-11-02T14:46:44-06:00   1b97dff3f59033c34841c6139d3dbe64
assets/index-placeholder-testimonials.png:
  development: 2017-11-02T14:46:44-06:00   20f74033ff607c3cadab0e50cf5ecee6
  production: 2017-11-02T14:46:44-06:00   20f74033ff607c3cadab0e50cf5ecee6
assets/ira.js.liquid:
  development: 2018-01-29T12:58:29-07:00   8ed6ecf6158a11d34fa6e8cac84443fb
  production: 2018-02-01T14:30:39-07:00   d95ee6897aceecde25395ef6f44948f3
assets/ira.min.js.liquid:
  development: 2017-11-02T14:46:44-06:00   80e95a6965a4dbea9248e95d0bf31cdb
  production: 2018-02-01T14:30:43-07:00   d4840a264cea1a5cc6ae4b3d81725240
assets/jquery.currencies.min.js:
  development: 2017-11-02T14:46:45-06:00   fbda3f892f5bfe99013e90c545ecef31
  production: 2018-02-01T14:30:12-07:00   51e2bf8219e851d05c74a37ac0973bc2
assets/libraries.min.js:
  development: 2017-11-02T14:46:45-06:00   b9ca2fa9d68457bdfd5a7a8145036250
  production: 2018-02-01T14:30:45-07:00   ec2818fa78dc8a5bab656251337776cc
assets/magnific-popup.min.js:
  development: 2017-11-02T14:46:45-06:00   049f6e86c0d95422346c4bacfa593eb3
  production: 2018-02-01T14:30:13-07:00   64f5be7bc4966ad05046a094eb3df2cd
assets/masonry.pkgd.min.js:
  development: 2017-11-02T14:46:45-06:00   44ddbe001ca1c90b4c4379294dc1471a
  production: 2018-02-01T14:30:22-07:00   7055b53b3da0bedce27f793a9909472b
assets/modernizr.min.js:
  development: 2017-11-02T14:46:45-06:00   dc21cffad945a84cbbe770d52b1a0ded
  production: 2018-02-01T14:29:48-07:00   ab2abefe8877efc3f058844353d4088a
assets/raf.js:
  development: 2017-11-02T14:46:45-06:00   38bb0fbe122f71de125da23a5109db39
  production: 2018-02-01T14:30:18-07:00   d5420795aa0b640804ac0811e8f4bbfd
assets/registration.css:
  development: 2018-01-02T11:46:36-07:00   1bb2fb222a273ba18d4461ca40f077aa
  production: 2018-02-01T14:30:27-07:00   bc471939c588c92e301890d931d2290f
assets/respond-proxy.html:
  development: 2017-11-02T14:46:45-06:00   48a2f4c318a6f7b29499c2e9f5b9083f
  production: 2018-02-01T14:30:32-07:00   890f3dcd5cdf1271fac96770dff83170
assets/respond.min.js:
  development: 2017-11-02T14:46:46-06:00   a2684e9b8fa50d6d11c56a9ada068528
  production: 2018-02-01T14:30:05-07:00   9d629d7bc73780291499c6c0738e38dd
assets/scripts.min.js:
  development: 2017-11-02T14:46:46-06:00   cea1fc8ec6fb1f69aedec68ec3376b98
  production: 2018-02-01T14:30:05-07:00   318715912a44e57343fac877a82b09b2
assets/slick-theme.css:
  development: 2017-11-02T14:46:46-06:00   b6bc355fcd1ed9524b364d8750ddad2b
  production: 2018-02-01T14:30:39-07:00   0b182568cfc0bf3e8913bf5db0632d3a
assets/slick.css:
  development: 2017-11-02T14:46:46-06:00   3950355b684c0748741f8199933df764
  production: 2018-02-01T14:29:54-07:00   c605c05dffecf0a5929347258278412a
assets/slick.eot:
  development: 2017-11-02T14:46:46-06:00   ced611daf7709cc778da928fec876475
  production: 2017-11-02T14:46:46-06:00   ced611daf7709cc778da928fec876475
assets/slick.min.js:
  development: 2017-11-02T14:46:46-06:00   21778f373fce5457a66da1622474a3dd
  production: 2018-02-01T14:29:50-07:00   feb62cc230e2ba2acd2e32d423d79720
assets/slick.svg:
  development: 2017-11-02T14:46:46-06:00   f97e3bbf73254b0112091d0192f17aec
  production: 2018-02-01T14:29:35-07:00   526d7fdf63614222d376257221e8b754
assets/slick.ttf:
  development: 2017-11-02T14:46:46-06:00   d41f55a78e6f49a5512878df1737e58a
  production: 2017-11-02T14:46:46-06:00   d41f55a78e6f49a5512878df1737e58a
assets/slick.woff:
  development: 2017-11-02T14:46:47-06:00   b7c9e1e479de3b53f1e4e30ebac2403a
  production: 2017-11-02T14:46:47-06:00   b7c9e1e479de3b53f1e4e30ebac2403a
assets/style.scss.liquid:
  development: 2017-11-03T19:11:28-06:00   6fc6a05a1566d3e1fd909ec9993dac4d
  production: 2018-02-01T14:29:48-07:00   1383b4ba2f4723d6ce9b827930a4f46c
assets/transparent.png:
  development: 2017-11-02T14:46:47-06:00   9591c410148e6883727c5339fd1c02cd
  production: 2017-11-02T14:46:47-06:00   9591c410148e6883727c5339fd1c02cd
assets/video.svg:
  development: 2017-11-02T14:46:47-06:00   4c3096406feb53d87f657fddc6227ead
  production: 2017-11-02T14:46:47-06:00   4c3096406feb53d87f657fddc6227ead
assets/x.svg:
  development: 2017-11-02T14:46:47-06:00   6760b1b7bd26e4194c6c391973fb17ec
  production: 2018-02-01T14:30:48-07:00   766d9bd263a4c48fc9f0a7126127073b
config/settings_data.json:
  development: 2017-11-30T14:54:39-07:00   83fd81d92cc72dfe247afd24b7e80a11
  production: 2018-02-01T14:30:48-07:00   83fd81d92cc72dfe247afd24b7e80a11
config/settings_schema.json:
  development: 2017-11-03T19:29:28-06:00   bfb524c44a04de1182caae4da990fca0
layout/theme.gem-layout-none.liquid:
  development: 2017-11-28T08:52:13-07:00   5eb37e3a84cd0729885d8eb6097eacec
  production: 2018-02-01T14:30:02-07:00   5c966a5fb15e7c31649f9d44fb2664dd
layout/theme.liquid:
  development: 2018-01-08T13:57:07-07:00   284ab4cd5ae3825c0086d1fc48d64c9b
  production: 2018-02-01T14:30:36-07:00   a20951e337d6668a5f4999bf011d9edd
locales/en.default.json:
  development: 2017-11-03T16:26:59-06:00   8bf16a85d86975909634ed7ca8eb6cd0
  production: 2018-01-04T10:04:38-07:00   3b9d912985a53445b32962b1f6665c1c
sections/blog-template.liquid:
  development: 2017-11-02T14:46:38-06:00   402dc9e19ecc49ec456c1a1a75c1ac54
  production: 2018-02-01T14:30:18-07:00   be93e2ac577c77d1693b8bc27a5d418c
sections/brand-logos.liquid:
  development: 2017-11-02T14:46:38-06:00   e12a09f205db11625c8c46169080cd84
  production: 2018-02-01T14:30:41-07:00   aefe1bcda785dc4ecd140b93768a8c00
sections/bt-background-image.liquid:
  development: 2017-12-01T13:28:45-07:00   3f6b2f76eac3f109ff6f8533e5e5ef99
  production: 2018-02-01T14:30:38-07:00   f3daa9133b974dc2d33d1f7c44080354
sections/bt-carousel.liquid:
  development: 2018-01-02T10:21:14-07:00   b052ab8e0ec440b172050b10f79e5a72
  production: 2018-02-01T14:29:32-07:00   72ffd7317b5d579ab0b5d4f53e79e100
sections/bt-center-text-cta.liquid:
  development: 2017-12-01T13:54:44-07:00   774619455fd0e7fd20f508156d2067c8
  production: 2018-02-01T14:30:10-07:00   374a2e99aa1c03daecac762679641849
sections/bt-featured-blog.liquid:
  development: 2017-12-01T13:50:56-07:00   97f9f1f6fb0c927d511f499e0b9150b0
  production: 2018-02-01T14:30:03-07:00   56e9452884d8d068bd665a11c8276080
sections/bt-featured-collection-carousel.liquid:
  development: 2017-11-03T19:47:17-06:00   44a87bda9a860bccb658b54ec038ff72
  production: 2018-02-01T14:29:30-07:00   25a4d757affe175c613ac58919143cd8
sections/bt-featured-collection.liquid:
  development: 2017-12-01T13:47:42-07:00   495d844ae147e25f10944522be781333
  production: 2018-02-01T14:30:26-07:00   504b3c2f1b054b6d5d1b3d533a294b07
sections/bt-featured-product-lrg.liquid:
  development: 2017-12-01T13:46:52-07:00   a19f0f25b9b0bb2e0967dfe95518ab87
  production: 2018-02-01T14:30:33-07:00   8adc79aee2c9b4d3479d38a8e8b4af76
sections/bt-footer.liquid:
  development: 2018-01-02T10:24:12-07:00   c6c151d1ad8d8514f507f403473b9141
  production: 2018-02-01T14:30:44-07:00   0654fd8e99288c01b98c1d6cd14d9a88
sections/bt-header.liquid:
  development: 2018-01-29T12:50:29-07:00   0b28cee7b24cefddcf5147711409f760
  production: 2018-02-01T14:29:36-07:00   f23321977328e5f821745e4bc7ac0e2d
sections/bt-headline-with-cta.liquid:
  development: 2017-12-01T14:19:15-07:00   e1709d0c9788ee0a508d93fc3aba66f9
  production: 2018-02-01T14:30:16-07:00   4c091589629c51d883941b21d1dcc2a2
sections/bt-hero-section.liquid:
  development: 2017-12-08T12:19:01-07:00   6a8b3c57106e80a4f88a875a0dda922e
  production: 2018-02-01T14:30:24-07:00   302b9f347c4ac1aa9686ecd1e6355fd6
sections/bt-image-with-text.liquid:
  development: 2017-11-30T15:52:44-07:00   91b86606f853f68c69cf9d0b8f3551a6
  production: 2018-02-01T14:30:45-07:00   5a0339388c5ef93371ee69759bb6cd00
sections/bt-story-grid.liquid:
  development: 2017-11-03T15:40:32-06:00   418cc51108591e0092a1f06791c0d5ab
  production: 2018-02-01T14:29:40-07:00   340fe11c82a7a091d98eceb08f09797a
sections/bt-testimonial-brands.liquid:
  development: 2017-12-01T13:55:07-07:00   4f486f71bf74a8e408a2d0729d239697
  production: 2018-02-01T14:30:09-07:00   48c9fb3ba7bb2e4321da47ffa7b80fc7
sections/carousel.liquid:
  development: 2017-11-03T18:52:38-06:00   6a2c8c374be4b1ea6a047f4a2f59498a
  production: 2018-02-01T14:29:56-07:00   47a841c940168292fd3d6c619d288f2f
sections/collection-template.liquid:
  development: 2017-11-02T14:46:38-06:00   f9a6799b913333e11cb133e10d7a3b8a
  production: 2018-02-01T14:30:31-07:00   85b9a00139fe12576a760333386768c1
sections/custom-html.liquid:
  development: 2017-11-02T14:46:38-06:00   04cd8c9cfb092776a21096edb09386ed
  production: 2018-02-01T14:30:09-07:00   6ae4866d54cdde98bc93936bfd455c2d
sections/featured-blog.liquid:
  development: 2017-11-02T14:46:38-06:00   1f0ca1a8e5440e66dfd39c275964aa53
  production: 2018-02-01T14:29:40-07:00   3b20a249b07f5dd510b38958856fabb4
sections/featured-collection.liquid:
  development: 2017-11-02T14:46:39-06:00   0e0db154a05cd555aa57cb58d2b5c0f1
  production: 2018-02-01T14:29:54-07:00   3c8c56b8160988c796d115e51f6313db
sections/featured-products.liquid:
  development: 2017-11-02T14:46:39-06:00   481664471dfcbb48001844b6490791a8
  production: 2018-02-01T14:29:55-07:00   03185e6db04f4607a2d1b1365f0f45ce
sections/featured-text.liquid:
  development: 2017-11-02T14:46:39-06:00   b9fde0beca6d3524eff6fe3e2824cc2d
  production: 2018-02-01T14:30:42-07:00   03950774f490301d3a38b9014dce0a75
sections/features.liquid:
  development: 2017-11-02T14:46:39-06:00   6e4da4f6f22600340d2b9afebe156383
  production: 2018-02-01T14:30:25-07:00   7e22f281b4082f65e688eaab6ae43976
sections/footer.liquid:
  development: 2017-12-27T15:19:24-07:00   8b44200e946c0ad5d19c5724c7cf6047
  production: 2018-02-01T14:29:36-07:00   06caa685758b94d361ea4da1adab7bf7
sections/grid.liquid:
  development: 2017-11-02T14:46:39-06:00   b7bd12af423558a4337e29a42f4542d8
  production: 2018-02-01T14:29:51-07:00   de647b43ebdd90b1c0cb111d8828e436
sections/header.liquid:
  development: 2017-11-02T14:46:39-06:00   23f79c10df6d0e0f60fa8a4196637b5e
  production: 2018-02-01T14:30:34-07:00   4baf5799c3cd9eb8bd30b309d408ce44
sections/instagram.liquid:
  development: 2017-11-02T14:46:40-06:00   c3c8003d3ba28bbc20cdcb38394c22cd
  production: 2018-02-01T14:29:39-07:00   920493b10697908160168506db78340d
sections/newsletter.liquid:
  development: 2017-11-02T14:46:40-06:00   5b9d2ab8bdb86426294437a9fa0ee1ce
  production: 2018-02-01T14:29:31-07:00   ebb6365fa661e2748d5c762740769730
sections/popup.liquid:
  development: 2017-11-02T14:46:40-06:00   10b9cf04ae00bacf01e497ca08069865
  production: 2018-02-01T14:30:15-07:00   92fecf8dbde474ccf47479bb6acc63f2
sections/product-template.liquid:
  development: 2017-11-02T14:46:40-06:00   e8b176d390b2880710cd0f00037df51f
  production: 2018-02-01T14:30:23-07:00   ccad1cf4b4defc04e1418ceb5d24f385
sections/recipe-blog-template.liquid:
  production: 2018-02-01T14:30:37-07:00   dbe864e1081257959dd6232ce140c9cc
sections/recipe-template.liquid:
  development: 2018-01-02T15:14:05-07:00   5dfa4b5a60bf49df147d3fac5fcef425
  production: 2018-02-01T14:30:27-07:00   846bc73e7e4feb7e9f8ae06c5776ac49
sections/story-grid.liquid:
  development: 2017-11-02T14:46:40-06:00   8196db837575434e0757aaba6d14583d
  production: 2018-02-01T14:30:17-07:00   54123a1d0f82ec5110a22c5ad18da0e3
sections/testimonials.liquid:
  development: 2017-11-02T14:46:40-06:00   6b6916423560206451faf953600693eb
  production: 2018-02-01T14:29:45-07:00   ee64af2483506759560175656d60a00d
sections/video-player.liquid:
  development: 2017-11-02T14:46:40-06:00   4930175bfde9edc6d3459891cb06863d
  production: 2018-02-01T14:30:33-07:00   5337681916f841399093d854ae253da4
snippets/ajax-cart-template.liquid:
  development: 2017-11-02T14:46:47-06:00   d05368aa0184d9a2a8414dc70df7127a
  production: 2018-02-01T14:30:26-07:00   da2d771cd1aebf8e29d09a4c3e7f5321
snippets/breadcrumb.liquid:
  development: 2017-11-02T14:46:47-06:00   82bdf11548434a091e05d4d969ca98a2
  production: 2018-02-01T14:29:31-07:00   cd8f73204e1877d0e092d24aae802daf
snippets/bt-grid__image.liquid:
  development: 2017-11-03T13:59:39-06:00   4425b0807b13696ee7f1fb4130eb7613
  production: 2018-02-01T14:29:36-07:00   fed95c5eefdc43a96220a19a84295251
snippets/bt-grid__text.liquid:
  development: 2017-11-03T14:05:06-06:00   b95b88fecb584461c2a7d41b5579e2c8
  production: 2018-02-01T14:30:30-07:00   a6dbfb5f1c8eeea36b0ca1843f3a2840
snippets/collection-loop.liquid:
  development: 2017-11-02T14:46:48-06:00   f3551a4e7961610d91865beeb7e169da
  production: 2018-02-01T14:29:51-07:00   3252c3db08b39ac83137194f60252939
snippets/collection-sidebar.liquid:
  development: 2017-11-02T14:46:48-06:00   cab2eacb3418ea178f27792d5f8a2394
  production: 2018-02-01T14:29:46-07:00   0dbdf54c8879fc86dcc63c63bfdb46d8
snippets/comment.liquid:
  development: 2017-11-02T14:46:48-06:00   c766e42be8a74e05533d0e5a0e3a9ce3
  production: 2018-02-01T14:30:28-07:00   1cbde57d9124aa7debcea5993830905c
snippets/currencies.liquid:
  development: 2017-11-02T14:46:48-06:00   df6d5e7cf919267907ff09f3c3b3ee86
  production: 2018-02-01T14:29:43-07:00   f2212b88bd504da9f5c833271f9598a1
snippets/customer_links.liquid:
  development: 2017-11-02T14:46:48-06:00   d4834fe6f95443b43ee5656a94853ac8
  production: 2018-02-01T14:29:33-07:00   8222c5efe66ad4cb3179eacef6f0e3d3
snippets/defineParallaxAttributes.liquid:
  development: 2017-11-02T14:46:48-06:00   83c38edca7e54cdb03d150759f0a4dee
  production: 2018-02-01T14:30:10-07:00   0a1f9cdb8825719d55070121f10e1dce
snippets/drawer-cart.liquid:
  development: 2017-11-02T14:46:48-06:00   8adb7f2185ad528a054b8ba6bb5c3d57
  production: 2018-02-01T14:29:56-07:00   5e27bff79658f3fea63eaf15f711364b
snippets/drawer-nav-menu.liquid:
  development: 2017-11-02T14:46:48-06:00   ecaf040831990cbf2fb74d4862871110
  production: 2018-02-01T14:29:53-07:00   3bab8c457a383f67a4500a3ec0158539
snippets/drawer-nav.liquid:
  development: 2018-01-29T12:44:16-07:00   472265cdde9346a0699e528533eba9e5
  production: 2018-02-01T14:29:52-07:00   1c94fd2bcba1cc9a50006e5886d65b09
snippets/dropdown.liquid:
  development: 2017-11-02T14:46:48-06:00   2dd2eca884435773370c1737b1856353
  production: 2018-02-01T14:30:07-07:00   b7dcc36a83de55708859ca44cf664629
snippets/email-signup.liquid:
  development: 2017-11-02T14:46:48-06:00   4ef659f1d1f97a8c437fe7e508fcd703
  production: 2018-02-01T14:30:22-07:00   b4a570ebe9129a1a7a7dc84af8cb95cb
snippets/footer-payments.liquid:
  development: 2017-11-02T14:46:48-06:00   7828f46d0a4ed8d3b9d59525065394a2
  production: 2018-02-01T14:30:03-07:00   27b6285ac9b70b9e0e2dd94268a3609b
snippets/gem-app-footer-scripts.liquid:
  development: 2017-11-28T08:52:12-07:00   c753d14da1d74b4080ae937268fe38ab
  production: 2017-11-28T08:52:12-07:00   c753d14da1d74b4080ae937268fe38ab
snippets/gem-app-header-scripts.liquid:
  development: 2017-11-28T08:52:12-07:00   320846ac5f9ed89353e869338a7f6ce5
  production: 2017-11-28T08:52:12-07:00   320846ac5f9ed89353e869338a7f6ce5
snippets/google-fonts.liquid:
  development: 2017-11-02T14:46:48-06:00   23e13391c0ffdd05b105d1ebde386ad6
  production: 2018-02-01T14:30:36-07:00   b2bc6310dcd33a480b1d276583efd9ff
snippets/grid__image.liquid:
  development: 2017-11-03T13:22:27-06:00   4ebdc0f015afd3ea93f5668f51d8a3bc
  production: 2018-02-01T14:29:37-07:00   41bc7ac08d53f82da9d19ca77435420f
snippets/grid__text.liquid:
  development: 2017-11-03T11:47:45-06:00   29e6a9c6d90069de8319c6affc2aa8e3
  production: 2018-02-01T14:29:38-07:00   d44ec8b4464fa7d91ce478415a31bd5f
snippets/helper-default-products.liquid:
  development: 2017-11-02T14:46:48-06:00   3a2a2c3cfa2f5c787088796e8a6f0115
  production: 2018-02-01T14:29:33-07:00   56c82f9e61916a6a6c8a39b3efb2992e
snippets/helper-homepage-products.liquid:
  development: 2017-11-02T14:46:49-06:00   dd27b509040d00bab3ba4c6346fe8e47
  production: 2018-02-01T14:30:17-07:00   a098fe5adb2ffeff0ad038890048123b
snippets/icons-payment.liquid:
  development: 2017-11-02T14:46:49-06:00   c08d5a2f301c7cbdab231aca607cfd2f
  production: 2018-02-01T14:30:43-07:00   123c74554e954d979a7c4aafc96639fa
snippets/icons.svg.liquid:
  development: 2017-11-02T14:46:49-06:00   0531d2abbff49d92775c895ee3fd6e3a
  production: 2018-02-01T14:29:49-07:00   3e7104854d680f95b44f484df6261fda
snippets/mobile-menu.liquid:
  development: 2018-01-29T12:41:15-07:00   973dff405b1c6a662ff080d51061df06
  production: 2018-02-01T14:30:46-07:00   c6d393381e59633c58d3f02e4bed5db2
snippets/navigation.liquid:
  development: 2018-01-29T13:01:25-07:00   fcb6741fc97c9ea6d089c89997e198bf
  production: 2018-02-01T14:30:32-07:00   e6da4bf2998747dc96f0e6d6d9531233
snippets/oldIE-js.liquid:
  development: 2017-11-02T14:46:49-06:00   5647bbce3c1e63006bda8c1939c15bff
  production: 2018-02-01T14:30:44-07:00   4b82e4d33672e4aee6c08c5fa280783a
snippets/onboarding-empty-collection.liquid:
  development: 2017-11-02T14:46:49-06:00   d6d32411534179f459b31845f8f0992f
  production: 2018-02-01T14:30:06-07:00   01a80117ee9ee3e901df7ab23718b406
snippets/onboarding-featured-blog.liquid:
  development: 2017-11-02T14:46:49-06:00   c4c49bf318f981ef1cf0e868e4b355dd
  production: 2018-02-01T14:30:19-07:00   150a421cf3f7554bd865f6fde80aad75
snippets/onboarding-featured-collections.liquid:
  development: 2017-11-02T14:46:49-06:00   139f868abdd6f71d0e40496bb14154de
  production: 2018-02-01T14:30:42-07:00   235f4cd2c68012a05bb47b3ee7f88be3
snippets/onboarding-featured-products.liquid:
  development: 2017-11-02T14:46:49-06:00   fce18c11decdc2458a8b6feeb7b7beb0
  production: 2018-02-01T14:29:45-07:00   0d58563ddf3b5dbbc438421dd870bccd
snippets/onboarding-product-feature-carousel.liquid:
  development: 2017-11-02T14:46:49-06:00   2fcf1cc9b8d4cb1d1b39976c0249c39a
  production: 2018-02-01T14:30:19-07:00   4aa1ed63f077926a14dab63ece1ab30c
snippets/pagination.liquid:
  development: 2017-11-02T14:46:49-06:00   511f015591906f585b6d0718eba91ee1
  production: 2018-02-01T14:30:04-07:00   04f0fe57d9ca3a56adae5790b60023c9
snippets/price-spider-header-scripts.liquid:
  production: 2018-02-01T14:30:20-07:00   a6e8807d64c30ea6f20555fcb05d6262
snippets/product-grid-item.liquid:
  development: 2017-11-02T14:46:49-06:00   4e2e86c33ac7fd4518dda891e4693f7f
  production: 2018-02-01T14:30:40-07:00   c5dfb6f44fa46a98acc019e5092702d1
snippets/product-related.liquid:
  development: 2017-11-02T14:46:49-06:00   f592d2656fba60b4074d6cdb5abe8265
  production: 2018-02-01T14:29:47-07:00   e74fc776fa6a50f2b86f267a9d47ce69
snippets/related-products.liquid:
  development: 2017-11-02T14:46:49-06:00   9e7a783e3d30a458174cffc779fe1a48
  production: 2018-02-01T14:30:00-07:00   b9205234c80df27dedb18c94edaef388
snippets/respond.liquid:
  development: 2017-11-02T14:46:49-06:00   ca6abf0635dc2ad8c6bd377f83c79f6b
  production: 2018-02-01T14:30:01-07:00   74cf1efdc4d02f96d49d9b04451c5111
snippets/search-bar.liquid:
  development: 2017-11-02T14:46:49-06:00   dcde74c9ca710f7b21872672bbf09cbf
  production: 2018-02-01T14:29:43-07:00   fe5a3b80ae1a9ca6629585b4c6a0e0b3
snippets/social-meta-tags.liquid:
  development: 2017-11-02T14:46:50-06:00   e472544cf580625e997467cdb313d1ae
  production: 2018-02-01T14:30:06-07:00   1d1e3b95a510baec35f3fd284867e628
snippets/social-sharing.liquid:
  development: 2017-11-02T14:46:50-06:00   3f3dce0f24702de0660925a94a8bdde9
  production: 2018-02-01T14:30:23-07:00   06ae90c6a9c5b4f4f6112af0f15dc001
snippets/social_buttons.liquid:
  development: 2017-12-28T09:26:03-07:00   f69627d7125d6b1120aa216845cf59e3
  production: 2018-02-01T14:30:40-07:00   bded8a02f50803cb41b86252bdd06603
snippets/social_links.liquid:
  development: 2017-11-02T14:46:50-06:00   2a25bf600c955c94a031f35ce3a391f4
  production: 2018-02-01T14:29:49-07:00   871ccec7ee69e4bdd1a183163d375085
snippets/tags-article.liquid:
  development: 2017-11-02T14:46:50-06:00   52bc59a44a51be2f1745559c2ba514a2
  production: 2018-02-01T14:30:35-07:00   056f55f45e57558dc3bb0b90e0bd6b00
snippets/theme-info.liquid:
  development: 2017-11-02T14:46:50-06:00   8ce29731fa471ad155a60a55a3e28311
  production: 2018-02-01T14:30:11-07:00   671820c39aa1dcd3fd0e7917bd430c5a
templates/404.liquid:
  development: 2017-11-02T14:46:50-06:00   b0f095ebb3df0e4ef1b23136759a4f77
  production: 2018-02-01T14:29:41-07:00   0c85f6723c6a9d212c06a2fde696860d
templates/article.liquid:
  development: 2017-11-02T14:46:50-06:00   e65899a9a3a2a2a01aac306295c8c1e1
  production: 2018-02-01T14:30:21-07:00   026aa57ce31900681de2e57569c5b8ad
templates/article.recipe.liquid:
  development: 2018-01-02T15:14:05-07:00   8fc02df41caaf9961de29ec43fb5e76e
  production: 2018-02-01T14:30:07-07:00   413f57f550a21a5e5283ff5ecf690702
templates/blog.liquid:
  development: 2017-11-02T14:46:50-06:00   2d9763b480fe6879080163b1e0e33e54
  production: 2018-02-01T14:29:40-07:00   9096bd7a4472511b32dfee9e46131dca
templates/cart.liquid:
  development: 2017-11-02T14:46:50-06:00   7f5ebc3fd4679e7388e330d6cc5a28c0
  production: 2018-02-01T14:30:01-07:00   74c37c90b7d09c6820120edcbe4ddb53
templates/collection.liquid:
  development: 2017-11-02T14:46:50-06:00   52d4e718c7b6e2e48cb3b2bf5e709504
  production: 2018-02-01T14:30:11-07:00   b6766ba53815f5ffd880875f320ed4a2
templates/customers/account.liquid:
  development: 2017-11-02T14:46:50-06:00   b831f4db3773721e930cbcc6863e284d
  production: 2018-02-01T14:29:57-07:00   ca6253e631976350803a7d8ba3aaefff
templates/customers/activate_account.liquid:
  development: 2017-11-02T14:46:50-06:00   6935380341a3e1d2d8aa845c0b23237f
  production: 2018-02-01T14:29:53-07:00   f34e7dfd073fb41a7829d8ca707f073f
templates/customers/addresses.liquid:
  development: 2017-11-02T14:46:51-06:00   2a97d7124e7117e7253dd265c1320d82
  production: 2018-02-01T14:30:35-07:00   53be2bb79ca7157c493c70b8b3b117f9
templates/customers/login.liquid:
  development: 2017-11-02T14:46:51-06:00   7cd87005f9262d7557db9b7a0841e51a
  production: 2018-02-01T14:30:30-07:00   a611dd492880707b81edc5a92876fa6d
templates/customers/order.liquid:
  development: 2017-11-02T14:46:51-06:00   e3469748dbe9c0ee5049c46728cb3d83
  production: 2018-02-01T14:30:29-07:00   1514d53f1a316c8bf739fc253d39c851
templates/customers/register.liquid:
  development: 2017-11-02T14:46:51-06:00   75811c0a1e70c5bf5ce510a8f1c2a5c1
  production: 2018-02-01T14:30:02-07:00   ae98245800394203366d2f110359fd05
templates/customers/reset_password.liquid:
  development: 2017-11-02T14:46:51-06:00   b91d9a3a8e02ab50dcace9638362bc22
  production: 2018-02-01T14:29:59-07:00   b29c9a1dd8dbe2cdececfeb462436fca
templates/gift_card.liquid:
  development: 2017-11-02T14:46:51-06:00   5954c020507a2014f4eebbab6e7178f3
  production: 2018-02-01T14:30:08-07:00   a00db5891edf581d55cce792c5f5abf5
templates/index.gem-preview.liquid:
  development: 2017-12-07T11:24:03-07:00   8d31352054b7314e4bda61f1d2344126
  production: 2017-12-07T11:24:03-07:00   8d31352054b7314e4bda61f1d2344126
templates/index.liquid:
  development: 2017-11-02T14:46:51-06:00   0bc3c92453ede43350f471b2fd14f729
  production: 2018-02-01T14:30:14-07:00   19228af4ae8f37687f7e499fd88b2b83
templates/list-collections.liquid:
  development: 2017-11-02T14:46:51-06:00   b2fa76d87db258e5795c18c5467844f8
  production: 2018-02-01T14:29:41-07:00   39255ae5d87ca24b41f7f22d8c2f4130
templates/page.contact.liquid:
  development: 2017-11-02T14:46:51-06:00   43f397081de39e07372574e02851b92a
  production: 2018-02-01T14:30:00-07:00   30fb80a5ebb17188dcffca13aa58dbf8
templates/page.find-a-store.liquid:
  production: 2018-02-01T14:29:34-07:00   89d187980336f1783de6fdfe06ae2c9a
templates/page.liquid:
  development: 2017-12-12T15:53:44-07:00   279feea4b25faefa9614642af32137dc
  production: 2018-02-01T14:30:34-07:00   add2b1b36c924f90812960818f501047
templates/page.registration.liquid:
  development: 2018-01-02T11:31:22-07:00   5fd9085dcb4c66aa17840f291c8bb7a7
  production: 2018-02-01T14:30:46-07:00   fb85f9201722b2294e054a167facae7d
templates/page.warranties.liquid:
  development: 2018-01-02T14:19:23-07:00   0f351c2cec780f6a85feec04ded7a946
  production: 2018-02-01T14:30:31-07:00   d050cbd49b2d9298255ffa0d4c092503
templates/password.liquid:
  development: 2017-11-02T14:46:51-06:00   ee76be4d72c25744a18451066fe5739c
  production: 2018-02-01T14:29:39-07:00   0d15af45a7047aee0828379b2eadc38a
templates/product.liquid:
  development: 2017-11-02T14:46:51-06:00   7a6baccf94cff7809eba07c74974cc11
  production: 2018-02-01T14:30:12-07:00   dc63926f999ba8f2f4ba9e4a5adb90ba
templates/search.liquid:
  development: 2017-11-02T14:46:51-06:00   2ae06eca2cbc7ba14e0e8830b0172d3c
  production: 2018-02-01T14:29:47-07:00   aafa7975e300db10400ad640949e61a2
