# THIS IS AN AUTOGENERATED FILE. DO NOT EDIT THIS FILE DIRECTLY.
assets/BackendControls.md:
  development: 2017-11-02T14:46:42-06:00   cb1afaaae64689285ce7b97f280cee71
assets/ajax-cart.js.liquid:
  development: 2017-11-02T14:46:42-06:00   e0199e337c238c5de91708a6c6da36ac
assets/ajax-loader.gif:
  development: 2017-11-02T14:46:42-06:00   c5cd7f5300576ab4c88202b42f6ded62
assets/arrow-right.svg:
  development: 2017-11-02T14:46:42-06:00   e844b7ee590ed226791a9e3a08b416a8
assets/autofit_images.js:
  development: 2017-12-04T13:12:16-07:00   35e664e6b6293f3fb35d91a7ae08a82f
assets/backgroundsize.min.htc:
  development: 2017-11-02T14:46:42-06:00   3646d426d3f484b6166c39ae1e83de1e
assets/cart.svg:
  development: 2017-11-02T14:46:42-06:00   e12a2d3d792e569b237f8a8572398c6c
assets/gift-card.scss.liquid:
  development: 2017-11-02T14:46:43-06:00   bdbb61be53924dc76086ed6b8c600d3b
assets/handlebars.min.js:
  development: 2017-11-02T14:46:43-06:00   b3c11508a224ee83f86e2fc6491e9751
assets/heart.png:
  development: 2017-11-02T14:46:43-06:00   145eb675b9d6feecf1545afe54ed71ea
assets/heart.svg:
  development: 2017-11-02T14:46:43-06:00   743f9cfe589da5e0b7e2e23f895a8608
assets/ico-gift-card.svg.liquid:
  development: 2017-11-02T14:46:43-06:00   6c6a0d7417e5467a40613dfce2c23a94
assets/ico-select.svg.liquid:
  development: 2017-11-02T14:46:43-06:00   765be6d2ef08d76aa0f1aab48a10e2b7
assets/icons.eot:
  development: 2017-11-02T14:46:43-06:00   4ecb7df48c3002b24cc4e572a8dcc12d
assets/icons.json:
  development: 2017-11-02T14:46:43-06:00   2b9754d0f646647052464e1a5dbff785
assets/icons.svg:
  development: 2017-11-02T14:46:43-06:00   d6ceaace00dd27d87ee4008c3fac5e6b
assets/icons.ttf:
  development: 2017-11-02T14:46:44-06:00   fb47e10b87ea6b72245f5f6d4ff89f9f
assets/icons.woff:
  development: 2017-11-02T14:46:44-06:00   2e42f3c67b6e8f4af7485f9d39bf1d40
assets/imagesloaded.pkgd.js:
  development: 2017-11-02T14:46:44-06:00   12d2c160b8058f1186689a95a620e1de
assets/index-placeholder-brands.png:
  development: 2017-11-02T14:46:44-06:00   51a1677953bbceb1539c12e46ff7426b
assets/index-placeholder-features.png:
  development: 2017-11-02T14:46:44-06:00   1b97dff3f59033c34841c6139d3dbe64
assets/index-placeholder-testimonials.png:
  development: 2017-11-02T14:46:44-06:00   20f74033ff607c3cadab0e50cf5ecee6
assets/ira.js.liquid:
  development: 2017-11-03T15:52:16-06:00   9074ed2d45d2a0e8e9d04d46486483ef
assets/ira.min.js.liquid:
  development: 2017-11-02T14:46:44-06:00   80e95a6965a4dbea9248e95d0bf31cdb
assets/jquery.currencies.min.js:
  development: 2017-11-02T14:46:45-06:00   fbda3f892f5bfe99013e90c545ecef31
assets/libraries.min.js:
  development: 2017-11-02T14:46:45-06:00   b9ca2fa9d68457bdfd5a7a8145036250
assets/magnific-popup.min.js:
  development: 2017-11-02T14:46:45-06:00   049f6e86c0d95422346c4bacfa593eb3
assets/masonry.pkgd.min.js:
  development: 2017-11-02T14:46:45-06:00   44ddbe001ca1c90b4c4379294dc1471a
assets/modernizr.min.js:
  development: 2017-11-02T14:46:45-06:00   dc21cffad945a84cbbe770d52b1a0ded
assets/raf.js:
  development: 2017-11-02T14:46:45-06:00   38bb0fbe122f71de125da23a5109db39
assets/respond-proxy.html:
  development: 2017-11-02T14:46:45-06:00   48a2f4c318a6f7b29499c2e9f5b9083f
assets/respond.min.js:
  development: 2017-11-02T14:46:46-06:00   a2684e9b8fa50d6d11c56a9ada068528
assets/scripts.min.js:
  development: 2017-11-02T14:46:46-06:00   cea1fc8ec6fb1f69aedec68ec3376b98
assets/slick-theme.css:
  development: 2017-11-02T14:46:46-06:00   b6bc355fcd1ed9524b364d8750ddad2b
assets/slick.css:
  development: 2017-11-02T14:46:46-06:00   3950355b684c0748741f8199933df764
assets/slick.eot:
  development: 2017-11-02T14:46:46-06:00   ced611daf7709cc778da928fec876475
assets/slick.min.js:
  development: 2017-11-02T14:46:46-06:00   21778f373fce5457a66da1622474a3dd
assets/slick.svg:
  development: 2017-11-02T14:46:46-06:00   f97e3bbf73254b0112091d0192f17aec
assets/slick.ttf:
  development: 2017-11-02T14:46:46-06:00   d41f55a78e6f49a5512878df1737e58a
assets/slick.woff:
  development: 2017-11-02T14:46:47-06:00   b7c9e1e479de3b53f1e4e30ebac2403a
assets/style.scss.liquid:
  development: 2017-11-03T19:11:28-06:00   6fc6a05a1566d3e1fd909ec9993dac4d
assets/transparent.png:
  development: 2017-11-02T14:46:47-06:00   9591c410148e6883727c5339fd1c02cd
assets/video.svg:
  development: 2017-11-02T14:46:47-06:00   4c3096406feb53d87f657fddc6227ead
assets/x.svg:
  development: 2017-11-02T14:46:47-06:00   6760b1b7bd26e4194c6c391973fb17ec
config/settings_data.json:
  development: 2017-11-30T14:54:39-07:00   83fd81d92cc72dfe247afd24b7e80a11
config/settings_schema.json:
  development: 2017-11-03T19:29:28-06:00   bfb524c44a04de1182caae4da990fca0
layout/theme.gem-layout-none.liquid:
  development: 2017-11-28T08:52:13-07:00   5eb37e3a84cd0729885d8eb6097eacec
layout/theme.liquid:
  development: 2017-11-28T08:52:13-07:00   8c747855014b378577ba4f594b755136
locales/en.default.json:
  development: 2017-11-03T16:26:59-06:00   8bf16a85d86975909634ed7ca8eb6cd0
sections/blog-template.liquid:
  development: 2017-11-02T14:46:38-06:00   402dc9e19ecc49ec456c1a1a75c1ac54
sections/brand-logos.liquid:
  development: 2017-11-02T14:46:38-06:00   e12a09f205db11625c8c46169080cd84
sections/bt-background-image.liquid:
  development: 2017-12-01T13:28:45-07:00   3f6b2f76eac3f109ff6f8533e5e5ef99
sections/bt-carousel.liquid:
  development: 2017-11-14T14:13:39-07:00   b052ab8e0ec440b172050b10f79e5a72
sections/bt-center-text-cta.liquid:
  development: 2017-12-01T13:54:44-07:00   774619455fd0e7fd20f508156d2067c8
sections/bt-featured-blog.liquid:
  development: 2017-12-01T13:50:56-07:00   97f9f1f6fb0c927d511f499e0b9150b0
sections/bt-featured-collection-carousel.liquid:
  development: 2017-11-03T19:47:17-06:00   44a87bda9a860bccb658b54ec038ff72
sections/bt-featured-collection.liquid:
  development: 2017-12-01T13:47:42-07:00   495d844ae147e25f10944522be781333
sections/bt-featured-product-lrg.liquid:
  development: 2017-12-01T13:46:52-07:00   a19f0f25b9b0bb2e0967dfe95518ab87
sections/bt-header.liquid:
  development: 2017-11-03T18:55:09-06:00   0b28cee7b24cefddcf5147711409f760
sections/bt-headline-with-cta.liquid:
  development: 2017-12-01T14:19:15-07:00   e1709d0c9788ee0a508d93fc3aba66f9
sections/bt-hero-section.liquid:
  development: 2017-12-08T12:19:01-07:00   6a8b3c57106e80a4f88a875a0dda922e
sections/bt-image-with-text.liquid:
  development: 2017-11-30T15:52:44-07:00   91b86606f853f68c69cf9d0b8f3551a6
sections/bt-story-grid.liquid:
  development: 2017-11-03T15:40:32-06:00   418cc51108591e0092a1f06791c0d5ab
sections/bt-testimonial-brands.liquid:
  development: 2017-12-01T13:55:07-07:00   4f486f71bf74a8e408a2d0729d239697
sections/carousel.liquid:
  development: 2017-11-03T18:52:38-06:00   6a2c8c374be4b1ea6a047f4a2f59498a
sections/collection-template.liquid:
  development: 2017-11-02T14:46:38-06:00   f9a6799b913333e11cb133e10d7a3b8a
sections/custom-html.liquid:
  development: 2017-11-02T14:46:38-06:00   04cd8c9cfb092776a21096edb09386ed
sections/featured-blog.liquid:
  development: 2017-11-02T14:46:38-06:00   1f0ca1a8e5440e66dfd39c275964aa53
sections/featured-collection.liquid:
  development: 2017-11-02T14:46:39-06:00   0e0db154a05cd555aa57cb58d2b5c0f1
sections/featured-products.liquid:
  development: 2017-11-02T14:46:39-06:00   481664471dfcbb48001844b6490791a8
sections/featured-text.liquid:
  development: 2017-11-02T14:46:39-06:00   b9fde0beca6d3524eff6fe3e2824cc2d
sections/features.liquid:
  development: 2017-11-02T14:46:39-06:00   6e4da4f6f22600340d2b9afebe156383
sections/footer.liquid:
  development: 2017-11-02T14:46:39-06:00   8b44200e946c0ad5d19c5724c7cf6047
sections/grid.liquid:
  development: 2017-11-02T14:46:39-06:00   b7bd12af423558a4337e29a42f4542d8
sections/header.liquid:
  development: 2017-11-02T14:46:39-06:00   23f79c10df6d0e0f60fa8a4196637b5e
sections/instagram.liquid:
  development: 2017-11-02T14:46:40-06:00   c3c8003d3ba28bbc20cdcb38394c22cd
sections/newsletter.liquid:
  development: 2017-11-02T14:46:40-06:00   5b9d2ab8bdb86426294437a9fa0ee1ce
sections/popup.liquid:
  development: 2017-11-02T14:46:40-06:00   10b9cf04ae00bacf01e497ca08069865
sections/product-template.liquid:
  development: 2017-11-02T14:46:40-06:00   e8b176d390b2880710cd0f00037df51f
sections/story-grid.liquid:
  development: 2017-11-02T14:46:40-06:00   8196db837575434e0757aaba6d14583d
sections/testimonials.liquid:
  development: 2017-11-02T14:46:40-06:00   6b6916423560206451faf953600693eb
sections/video-player.liquid:
  development: 2017-11-02T14:46:40-06:00   4930175bfde9edc6d3459891cb06863d
snippets/ajax-cart-template.liquid:
  development: 2017-11-02T14:46:47-06:00   d05368aa0184d9a2a8414dc70df7127a
snippets/breadcrumb.liquid:
  development: 2017-11-02T14:46:47-06:00   82bdf11548434a091e05d4d969ca98a2
snippets/bt-grid__image.liquid:
  development: 2017-11-03T13:59:39-06:00   4425b0807b13696ee7f1fb4130eb7613
snippets/bt-grid__text.liquid:
  development: 2017-11-03T14:05:06-06:00   b95b88fecb584461c2a7d41b5579e2c8
snippets/collection-loop.liquid:
  development: 2017-11-02T14:46:48-06:00   f3551a4e7961610d91865beeb7e169da
snippets/collection-sidebar.liquid:
  development: 2017-11-02T14:46:48-06:00   cab2eacb3418ea178f27792d5f8a2394
snippets/comment.liquid:
  development: 2017-11-02T14:46:48-06:00   c766e42be8a74e05533d0e5a0e3a9ce3
snippets/currencies.liquid:
  development: 2017-11-02T14:46:48-06:00   df6d5e7cf919267907ff09f3c3b3ee86
snippets/customer_links.liquid:
  development: 2017-11-02T14:46:48-06:00   d4834fe6f95443b43ee5656a94853ac8
snippets/defineParallaxAttributes.liquid:
  development: 2017-11-02T14:46:48-06:00   83c38edca7e54cdb03d150759f0a4dee
snippets/drawer-cart.liquid:
  development: 2017-11-02T14:46:48-06:00   8adb7f2185ad528a054b8ba6bb5c3d57
snippets/drawer-nav-menu.liquid:
  development: 2017-11-02T14:46:48-06:00   ecaf040831990cbf2fb74d4862871110
snippets/drawer-nav.liquid:
  development: 2017-11-02T14:46:48-06:00   648c70235987109df81b04dc4aa901b4
snippets/dropdown.liquid:
  development: 2017-11-02T14:46:48-06:00   2dd2eca884435773370c1737b1856353
snippets/email-signup.liquid:
  development: 2017-11-02T14:46:48-06:00   4ef659f1d1f97a8c437fe7e508fcd703
snippets/footer-payments.liquid:
  development: 2017-11-02T14:46:48-06:00   7828f46d0a4ed8d3b9d59525065394a2
snippets/gem-app-footer-scripts.liquid:
  development: 2017-11-28T08:52:12-07:00   c753d14da1d74b4080ae937268fe38ab
snippets/gem-app-header-scripts.liquid:
  development: 2017-11-28T08:52:12-07:00   320846ac5f9ed89353e869338a7f6ce5
snippets/google-fonts.liquid:
  development: 2017-11-02T14:46:48-06:00   23e13391c0ffdd05b105d1ebde386ad6
snippets/grid__image.liquid:
  development: 2017-11-03T13:22:27-06:00   4ebdc0f015afd3ea93f5668f51d8a3bc
snippets/grid__text.liquid:
  development: 2017-11-03T11:47:45-06:00   29e6a9c6d90069de8319c6affc2aa8e3
snippets/helper-default-products.liquid:
  development: 2017-11-02T14:46:48-06:00   3a2a2c3cfa2f5c787088796e8a6f0115
snippets/helper-homepage-products.liquid:
  development: 2017-11-02T14:46:49-06:00   dd27b509040d00bab3ba4c6346fe8e47
snippets/icons-payment.liquid:
  development: 2017-11-02T14:46:49-06:00   c08d5a2f301c7cbdab231aca607cfd2f
snippets/icons.svg.liquid:
  development: 2017-11-02T14:46:49-06:00   0531d2abbff49d92775c895ee3fd6e3a
snippets/mobile-menu.liquid:
  development: 2017-11-02T14:46:49-06:00   2f92e2f9965fb7cc948e8031b052e166
snippets/navigation.liquid:
  development: 2017-11-02T14:46:49-06:00   6ed875e7a109aaf451045e662a99c35d
snippets/oldIE-js.liquid:
  development: 2017-11-02T14:46:49-06:00   5647bbce3c1e63006bda8c1939c15bff
snippets/onboarding-empty-collection.liquid:
  development: 2017-11-02T14:46:49-06:00   d6d32411534179f459b31845f8f0992f
snippets/onboarding-featured-blog.liquid:
  development: 2017-11-02T14:46:49-06:00   c4c49bf318f981ef1cf0e868e4b355dd
snippets/onboarding-featured-collections.liquid:
  development: 2017-11-02T14:46:49-06:00   139f868abdd6f71d0e40496bb14154de
snippets/onboarding-featured-products.liquid:
  development: 2017-11-02T14:46:49-06:00   fce18c11decdc2458a8b6feeb7b7beb0
snippets/onboarding-product-feature-carousel.liquid:
  development: 2017-11-02T14:46:49-06:00   2fcf1cc9b8d4cb1d1b39976c0249c39a
snippets/pagination.liquid:
  development: 2017-11-02T14:46:49-06:00   511f015591906f585b6d0718eba91ee1
snippets/product-grid-item.liquid:
  development: 2017-11-02T14:46:49-06:00   4e2e86c33ac7fd4518dda891e4693f7f
snippets/product-related.liquid:
  development: 2017-11-02T14:46:49-06:00   f592d2656fba60b4074d6cdb5abe8265
snippets/related-products.liquid:
  development: 2017-11-02T14:46:49-06:00   9e7a783e3d30a458174cffc779fe1a48
snippets/respond.liquid:
  development: 2017-11-02T14:46:49-06:00   ca6abf0635dc2ad8c6bd377f83c79f6b
snippets/search-bar.liquid:
  development: 2017-11-02T14:46:49-06:00   dcde74c9ca710f7b21872672bbf09cbf
snippets/social-meta-tags.liquid:
  development: 2017-11-02T14:46:50-06:00   e472544cf580625e997467cdb313d1ae
snippets/social-sharing.liquid:
  development: 2017-11-02T14:46:50-06:00   3f3dce0f24702de0660925a94a8bdde9
snippets/social_links.liquid:
  development: 2017-11-02T14:46:50-06:00   2a25bf600c955c94a031f35ce3a391f4
snippets/tags-article.liquid:
  development: 2017-11-02T14:46:50-06:00   52bc59a44a51be2f1745559c2ba514a2
snippets/theme-info.liquid:
  development: 2017-11-02T14:46:50-06:00   8ce29731fa471ad155a60a55a3e28311
templates/404.liquid:
  development: 2017-11-02T14:46:50-06:00   b0f095ebb3df0e4ef1b23136759a4f77
templates/article.liquid:
  development: 2017-11-02T14:46:50-06:00   e65899a9a3a2a2a01aac306295c8c1e1
templates/blog.liquid:
  development: 2017-11-02T14:46:50-06:00   2d9763b480fe6879080163b1e0e33e54
templates/cart.liquid:
  development: 2017-11-02T14:46:50-06:00   7f5ebc3fd4679e7388e330d6cc5a28c0
templates/collection.liquid:
  development: 2017-11-02T14:46:50-06:00   52d4e718c7b6e2e48cb3b2bf5e709504
templates/customers/account.liquid:
  development: 2017-11-02T14:46:50-06:00   b831f4db3773721e930cbcc6863e284d
templates/customers/activate_account.liquid:
  development: 2017-11-02T14:46:50-06:00   6935380341a3e1d2d8aa845c0b23237f
templates/customers/addresses.liquid:
  development: 2017-11-02T14:46:51-06:00   2a97d7124e7117e7253dd265c1320d82
templates/customers/login.liquid:
  development: 2017-11-02T14:46:51-06:00   7cd87005f9262d7557db9b7a0841e51a
templates/customers/order.liquid:
  development: 2017-11-02T14:46:51-06:00   e3469748dbe9c0ee5049c46728cb3d83
templates/customers/register.liquid:
  development: 2017-11-02T14:46:51-06:00   75811c0a1e70c5bf5ce510a8f1c2a5c1
templates/customers/reset_password.liquid:
  development: 2017-11-02T14:46:51-06:00   b91d9a3a8e02ab50dcace9638362bc22
templates/gift_card.liquid:
  development: 2017-11-02T14:46:51-06:00   5954c020507a2014f4eebbab6e7178f3
templates/index.gem-preview.liquid:
  development: 2017-12-07T11:24:03-07:00   8d31352054b7314e4bda61f1d2344126
templates/index.liquid:
  development: 2017-11-02T14:46:51-06:00   0bc3c92453ede43350f471b2fd14f729
templates/list-collections.liquid:
  development: 2017-11-02T14:46:51-06:00   b2fa76d87db258e5795c18c5467844f8
templates/page.contact.liquid:
  development: 2017-11-02T14:46:51-06:00   43f397081de39e07372574e02851b92a
templates/page.liquid:
  development: 2017-11-02T14:46:51-06:00   279feea4b25faefa9614642af32137dc
templates/password.liquid:
  development: 2017-11-02T14:46:51-06:00   ee76be4d72c25744a18451066fe5739c
templates/product.liquid:
  development: 2017-11-02T14:46:51-06:00   7a6baccf94cff7809eba07c74974cc11
templates/search.liquid:
  development: 2017-11-02T14:46:51-06:00   2ae06eca2cbc7ba14e0e8830b0172d3c
