# THIS IS AN AUTOGENERATED FILE. DO NOT EDIT THIS FILE DIRECTLY.
assets/BackendControls.md:
  development: 2018-02-09T14:51:44-07:00   8458f61b6bccdc92549572e86ae165d3
  stage: 2018-02-09T14:51:44-07:00   8458f61b6bccdc92549572e86ae165d3
assets/ajax-cart.js.liquid:
  development: 2018-02-09T14:51:08-07:00   e781b6511093dfd7b7f95033272e3000
  stage: 2018-02-09T14:51:08-07:00   e781b6511093dfd7b7f95033272e3000
assets/arrow-right.svg:
  development: 2018-02-16T09:57:31-07:00   43f7b7c09e371c345b07eb096f468a9a
  stage: 2018-02-09T14:51:31-07:00   43f7b7c09e371c345b07eb096f468a9a
assets/autofit_images.js:
  development: 2018-02-09T14:52:01-07:00   ad3cf836eeca0436eab1224aadcc19ab
  stage: 2018-02-09T14:52:01-07:00   ad3cf836eeca0436eab1224aadcc19ab
assets/backgroundsize.min.htc:
  development: 2018-02-16T09:57:34-07:00   7aadce498ea9c6dcdb6ff40e043c1aaa
  stage: 2018-02-09T14:51:16-07:00   7aadce498ea9c6dcdb6ff40e043c1aaa
assets/cart.svg:
  development: 2018-02-16T09:57:45-07:00   c13f2cb53ea0686f96fa01379b389175
  stage: 2018-02-09T14:51:59-07:00   c13f2cb53ea0686f96fa01379b389175
assets/checkout.scss.liquid:
  development: 2018-02-14T17:40:46-07:00   59cd56198e6efce986c10f41e362686b
  stage: 2018-02-16T11:51:56-07:00   e95e506b21b2414a72a599cabe886a75
assets/gift-card.scss.liquid:
  development: 2018-02-09T14:51:38-07:00   5c072e61350f79c146c1036f744e702d
  stage: 2018-02-09T14:51:38-07:00   5c072e61350f79c146c1036f744e702d
assets/handlebars.min.js:
  development: 2018-02-09T14:51:29-07:00   bbdc800cc5783cc9c0e5fdd47196d506
  stage: 2018-02-09T14:51:29-07:00   bbdc800cc5783cc9c0e5fdd47196d506
assets/heart.svg:
  development: 2018-02-09T14:51:55-07:00   f82c89408d8e14483ac47a29b8554ab6
  stage: 2018-02-09T14:51:55-07:00   f82c89408d8e14483ac47a29b8554ab6
assets/ico-gift-card.svg.liquid:
  development: 2018-02-09T14:51:32-07:00   9442cad943936379a6cd047acb2c71b6
  stage: 2018-02-09T14:51:32-07:00   9442cad943936379a6cd047acb2c71b6
assets/ico-select.svg.liquid:
  development: 2018-02-16T09:57:38-07:00   9c9cc5a57cc74a0a64c2f62b1370a920
  stage: 2018-02-09T14:51:53-07:00   9c9cc5a57cc74a0a64c2f62b1370a920
assets/icons.eot:
  development: 2017-11-02T14:46:43-06:00   4ecb7df48c3002b24cc4e572a8dcc12d
  stage: 2017-11-02T14:46:43-06:00   4ecb7df48c3002b24cc4e572a8dcc12d
assets/icons.json:
  development: 2018-02-01T14:29:52-07:00   2b9754d0f646647052464e1a5dbff785
  stage: 2018-02-01T14:29:52-07:00   2b9754d0f646647052464e1a5dbff785
assets/icons.svg:
  development: 2018-02-16T09:57:36-07:00   ee39bf76bcfb53c6c421e8ac96d7ce1e
  stage: 2018-02-09T14:51:24-07:00   ee39bf76bcfb53c6c421e8ac96d7ce1e
assets/icons.ttf:
  development: 2017-11-02T14:46:44-06:00   fb47e10b87ea6b72245f5f6d4ff89f9f
  stage: 2017-11-02T14:46:44-06:00   fb47e10b87ea6b72245f5f6d4ff89f9f
assets/icons.woff:
  development: 2018-02-09T12:35:37-07:00   2e42f3c67b6e8f4af7485f9d39bf1d40
  stage: 2017-11-02T14:46:44-06:00   2e42f3c67b6e8f4af7485f9d39bf1d40
assets/imagesloaded.pkgd.js:
  development: 2018-02-16T09:57:30-07:00   8725a19b66058cd2d197e3ee4c2909d4
  stage: 2018-02-09T14:51:26-07:00   8725a19b66058cd2d197e3ee4c2909d4
assets/ira.js.liquid:
  development: 2018-02-09T14:51:10-07:00   d95ee6897aceecde25395ef6f44948f3
  stage: 2018-02-09T14:51:10-07:00   d95ee6897aceecde25395ef6f44948f3
assets/ira.min.js.liquid:
  development: 2018-02-09T14:51:56-07:00   d4840a264cea1a5cc6ae4b3d81725240
  stage: 2018-02-09T14:51:56-07:00   d4840a264cea1a5cc6ae4b3d81725240
assets/jquery.currencies.min.js:
  development: 2018-02-09T14:51:37-07:00   51e2bf8219e851d05c74a37ac0973bc2
  stage: 2018-02-09T14:51:37-07:00   51e2bf8219e851d05c74a37ac0973bc2
assets/libraries.min.js:
  development: 2018-02-09T14:51:05-07:00   ec2818fa78dc8a5bab656251337776cc
  stage: 2018-02-09T14:51:05-07:00   ec2818fa78dc8a5bab656251337776cc
assets/magnific-popup.min.js:
  development: 2018-02-16T09:57:29-07:00   64f5be7bc4966ad05046a094eb3df2cd
  stage: 2018-02-09T14:51:41-07:00   64f5be7bc4966ad05046a094eb3df2cd
assets/masonry.pkgd.min.js:
  development: 2018-02-16T09:57:32-07:00   7055b53b3da0bedce27f793a9909472b
  stage: 2018-02-09T14:51:20-07:00   7055b53b3da0bedce27f793a9909472b
assets/modernizr.min.js:
  development: 2018-02-09T14:51:00-07:00   ab2abefe8877efc3f058844353d4088a
  stage: 2018-02-09T14:51:00-07:00   ab2abefe8877efc3f058844353d4088a
assets/raf.js:
  development: 2018-02-09T14:51:40-07:00   d5420795aa0b640804ac0811e8f4bbfd
  stage: 2018-02-09T14:51:40-07:00   d5420795aa0b640804ac0811e8f4bbfd
assets/registration.css:
  development: 2018-02-09T14:52:00-07:00   bc471939c588c92e301890d931d2290f
  stage: 2018-02-09T14:52:00-07:00   bc471939c588c92e301890d931d2290f
assets/respond-proxy.html:
  development: 2018-02-09T14:51:29-07:00   890f3dcd5cdf1271fac96770dff83170
  stage: 2018-02-09T14:51:29-07:00   890f3dcd5cdf1271fac96770dff83170
assets/respond.min.js:
  development: 2018-02-16T09:57:37-07:00   9d629d7bc73780291499c6c0738e38dd
  stage: 2018-02-09T14:51:51-07:00   9d629d7bc73780291499c6c0738e38dd
assets/scripts.min.js:
  development: 2018-02-09T14:52:06-07:00   318715912a44e57343fac877a82b09b2
  stage: 2018-02-09T14:52:06-07:00   318715912a44e57343fac877a82b09b2
assets/slick-theme.css:
  development: 2018-02-09T14:51:04-07:00   0b182568cfc0bf3e8913bf5db0632d3a
  stage: 2018-02-09T14:51:04-07:00   0b182568cfc0bf3e8913bf5db0632d3a
assets/slick.css:
  development: 2018-02-09T14:51:10-07:00   c605c05dffecf0a5929347258278412a
  stage: 2018-02-09T14:51:10-07:00   c605c05dffecf0a5929347258278412a
assets/slick.eot:
  development: 2017-11-02T14:46:46-06:00   ced611daf7709cc778da928fec876475
  stage: 2017-11-02T14:46:46-06:00   ced611daf7709cc778da928fec876475
assets/slick.min.js:
  development: 2018-02-09T14:51:25-07:00   feb62cc230e2ba2acd2e32d423d79720
  stage: 2018-02-09T14:51:25-07:00   feb62cc230e2ba2acd2e32d423d79720
assets/slick.svg:
  development: 2018-02-09T14:51:42-07:00   526d7fdf63614222d376257221e8b754
  stage: 2018-02-09T14:51:42-07:00   526d7fdf63614222d376257221e8b754
assets/slick.ttf:
  development: 2018-02-09T12:35:40-07:00   d41f55a78e6f49a5512878df1737e58a
  stage: 2017-11-02T14:46:46-06:00   d41f55a78e6f49a5512878df1737e58a
assets/slick.woff:
  development: 2018-02-09T12:35:40-07:00   b7c9e1e479de3b53f1e4e30ebac2403a
  stage: 2017-11-02T14:46:47-06:00   b7c9e1e479de3b53f1e4e30ebac2403a
assets/style.scss.liquid:
  development: 2018-02-14T16:31:09-07:00   1e9f5ffb59b4107f8791672be8733ecd
  stage: 2018-02-16T11:52:53-07:00   1383b4ba2f4723d6ce9b827930a4f46c
assets/video.svg:
  development: 2017-11-02T14:46:47-06:00   4c3096406feb53d87f657fddc6227ead
  stage: 2017-11-02T14:46:47-06:00   4c3096406feb53d87f657fddc6227ead
assets/x.svg:
  development: 2018-02-09T14:52:00-07:00   766d9bd263a4c48fc9f0a7126127073b
  stage: 2018-02-09T14:52:00-07:00   766d9bd263a4c48fc9f0a7126127073b
config/settings_data.json:
  development: 2017-11-30T14:54:39-07:00   83fd81d92cc72dfe247afd24b7e80a11
  production: 2018-02-01T14:30:48-07:00   83fd81d92cc72dfe247afd24b7e80a11
config/settings_schema.json:
  development: 2018-01-31T10:26:29-07:00   0914b0c3fb5240e1bbdf4756f93a5cea
  stage: 2018-01-31T10:26:29-07:00   0914b0c3fb5240e1bbdf4756f93a5cea
layout/checkout.liquid:
  development: 2018-02-15T09:13:00-07:00   58dc78bdab5b84f3139f53577b3df936
  stage: 2018-02-16T11:52:10-07:00   e9f169d83df90421ba3b4b9429313d7b
layout/theme.gem-layout-none.liquid:
  development: 2018-02-09T14:52:05-07:00   5c966a5fb15e7c31649f9d44fb2664dd
  stage: 2018-02-09T14:52:05-07:00   5c966a5fb15e7c31649f9d44fb2664dd
layout/theme.liquid:
  development: 2018-02-09T14:51:14-07:00   a20951e337d6668a5f4999bf011d9edd
  stage: 2018-02-09T14:51:14-07:00   a20951e337d6668a5f4999bf011d9edd
locales/en.default.json:
  development: 2018-01-04T10:04:38-07:00   3b9d912985a53445b32962b1f6665c1c
  stage: 2018-01-04T10:04:38-07:00   3b9d912985a53445b32962b1f6665c1c
sections/blog-template.liquid:
  development: 2018-02-09T14:51:52-07:00   9db619cae29158c59c7a13625a76ce84
  stage: 2018-02-09T14:51:52-07:00   9db619cae29158c59c7a13625a76ce84
sections/brand-logos.liquid:
  development: 2018-02-09T14:51:47-07:00   aefe1bcda785dc4ecd140b93768a8c00
  stage: 2018-02-09T14:51:47-07:00   aefe1bcda785dc4ecd140b93768a8c00
sections/bt-background-image.liquid:
  development: 2018-02-09T14:52:07-07:00   56bbb2c10419887e961aac291c1e8e94
  stage: 2018-02-09T14:52:07-07:00   56bbb2c10419887e961aac291c1e8e94
sections/bt-carousel.liquid:
  development: 2018-02-09T14:51:13-07:00   72ffd7317b5d579ab0b5d4f53e79e100
  stage: 2018-02-09T14:51:13-07:00   72ffd7317b5d579ab0b5d4f53e79e100
sections/bt-center-text-cta.liquid:
  development: 2018-02-09T14:51:32-07:00   374a2e99aa1c03daecac762679641849
  stage: 2018-02-09T14:51:32-07:00   374a2e99aa1c03daecac762679641849
sections/bt-featured-blog.liquid:
  development: 2018-02-16T09:57:42-07:00   56e9452884d8d068bd665a11c8276080
  stage: 2018-02-09T14:51:14-07:00   56e9452884d8d068bd665a11c8276080
sections/bt-featured-collection-carousel.liquid:
  development: 2018-02-09T14:51:19-07:00   25a4d757affe175c613ac58919143cd8
  stage: 2018-02-09T14:51:19-07:00   25a4d757affe175c613ac58919143cd8
sections/bt-featured-collection.liquid:
  development: 2018-02-16T09:57:25-07:00   8a9b122f86a75ca53384c721d2570260
  stage: 2018-02-09T14:51:49-07:00   8a9b122f86a75ca53384c721d2570260
sections/bt-featured-product-lrg.liquid:
  development: 2018-02-09T14:51:19-07:00   307975434388ffbf94f5fb5253714e1a
  stage: 2018-02-09T14:51:19-07:00   307975434388ffbf94f5fb5253714e1a
sections/bt-footer.liquid:
  development: 2018-02-09T14:51:29-07:00   0654fd8e99288c01b98c1d6cd14d9a88
  stage: 2018-02-09T14:51:29-07:00   0654fd8e99288c01b98c1d6cd14d9a88
sections/bt-header.liquid:
  development: 2018-02-09T14:52:04-07:00   f23321977328e5f821745e4bc7ac0e2d
  stage: 2018-02-09T14:52:04-07:00   f23321977328e5f821745e4bc7ac0e2d
sections/bt-headline-with-cta.liquid:
  development: 2018-02-07T15:23:17-07:00   aaf72c1660752e340ef96b9136febf3a
  stage: 2018-02-16T11:51:35-07:00   c10c06dabfe9c8b5b1f185db28f545ae
sections/bt-hero-section.liquid:
  development: 2018-02-09T14:51:26-07:00   f9085ccbc1dee69770bc3247c7de958e
  stage: 2018-02-09T14:51:26-07:00   f9085ccbc1dee69770bc3247c7de958e
sections/bt-image-with-text.liquid:
  development: 2018-02-16T09:57:36-07:00   23e439bf97e1c301d1ab19593f63505b
  stage: 2018-02-09T14:51:42-07:00   23e439bf97e1c301d1ab19593f63505b
sections/bt-story-grid.liquid:
  development: 2018-02-16T09:57:39-07:00   340fe11c82a7a091d98eceb08f09797a
  stage: 2018-02-09T14:51:15-07:00   340fe11c82a7a091d98eceb08f09797a
sections/bt-testimonial-brands.liquid:
  development: 2018-02-09T14:51:33-07:00   48c9fb3ba7bb2e4321da47ffa7b80fc7
  stage: 2018-02-09T14:51:33-07:00   48c9fb3ba7bb2e4321da47ffa7b80fc7
sections/carousel.liquid:
  development: 2018-02-09T14:52:10-07:00   47a841c940168292fd3d6c619d288f2f
  stage: 2018-02-09T14:52:10-07:00   47a841c940168292fd3d6c619d288f2f
sections/collection-template.liquid:
  development: 2018-02-16T09:57:40-07:00   85b9a00139fe12576a760333386768c1
  stage: 2018-02-09T14:51:56-07:00   85b9a00139fe12576a760333386768c1
sections/compare-blender.liquid:
  development: 2018-02-14T15:04:26-07:00   568dc1728e006623bb86e2b63e5d40f0
  stage: 2018-02-16T11:52:11-07:00   5c8203967cdb9970dae55bcc6b13f6ed
sections/custom-html.liquid:
  development: 2018-02-16T09:57:32-07:00   6ae4866d54cdde98bc93936bfd455c2d
  stage: 2018-02-09T14:51:09-07:00   6ae4866d54cdde98bc93936bfd455c2d
sections/featured-blog.liquid:
  development: 2018-02-16T09:57:26-07:00   3b20a249b07f5dd510b38958856fabb4
  stage: 2018-02-09T14:51:58-07:00   3b20a249b07f5dd510b38958856fabb4
sections/featured-collection.liquid:
  development: 2018-02-09T14:51:44-07:00   3c8c56b8160988c796d115e51f6313db
  stage: 2018-02-09T14:51:44-07:00   3c8c56b8160988c796d115e51f6313db
sections/featured-products.liquid:
  development: 2018-02-09T14:51:57-07:00   03185e6db04f4607a2d1b1365f0f45ce
  stage: 2018-02-09T14:51:57-07:00   03185e6db04f4607a2d1b1365f0f45ce
sections/featured-text.liquid:
  development: 2018-02-16T09:57:39-07:00   03950774f490301d3a38b9014dce0a75
  stage: 2018-02-09T14:51:12-07:00   03950774f490301d3a38b9014dce0a75
sections/features.liquid:
  development: 2018-02-09T14:51:16-07:00   7e22f281b4082f65e688eaab6ae43976
  stage: 2018-02-09T14:51:16-07:00   7e22f281b4082f65e688eaab6ae43976
sections/footer.liquid:
  development: 2018-02-09T14:51:16-07:00   06caa685758b94d361ea4da1adab7bf7
  stage: 2018-02-09T14:51:16-07:00   06caa685758b94d361ea4da1adab7bf7
sections/grid.liquid:
  development: 2018-02-16T09:57:28-07:00   de647b43ebdd90b1c0cb111d8828e436
  stage: 2018-02-09T14:51:38-07:00   de647b43ebdd90b1c0cb111d8828e436
sections/header.liquid:
  development: 2018-02-09T14:52:00-07:00   4baf5799c3cd9eb8bd30b309d408ce44
  stage: 2018-02-09T14:52:00-07:00   4baf5799c3cd9eb8bd30b309d408ce44
sections/instagram.liquid:
  development: 2018-02-09T14:51:06-07:00   920493b10697908160168506db78340d
  stage: 2018-02-09T14:51:06-07:00   920493b10697908160168506db78340d
sections/newsletter.liquid:
  development: 2018-02-09T14:51:21-07:00   ebb6365fa661e2748d5c762740769730
  stage: 2018-02-09T14:51:21-07:00   ebb6365fa661e2748d5c762740769730
sections/popup.liquid:
  development: 2018-02-09T14:52:08-07:00   92fecf8dbde474ccf47479bb6acc63f2
  stage: 2018-02-09T14:52:08-07:00   92fecf8dbde474ccf47479bb6acc63f2
sections/product-template.liquid:
  development: 2018-02-09T12:17:07-07:00   777cf1da0ddbcb65af6903383c27d83a
  stage: 2018-02-16T11:52:02-07:00   44129055351345d00f3770502382493b
sections/recipe-blog-template.liquid:
  development: 2018-02-16T09:57:26-07:00   dbe864e1081257959dd6232ce140c9cc
  stage: 2018-02-09T14:51:36-07:00   dbe864e1081257959dd6232ce140c9cc
sections/recipe-template.liquid:
  development: 2018-02-14T16:03:37-07:00   172be7caaba87a0a93b8526599ea19e8
  stage: 2018-02-16T11:52:27-07:00   8cb10bb5fff867a6163822e39e1039e0
sections/story-grid.liquid:
  development: 2018-02-16T09:57:42-07:00   54123a1d0f82ec5110a22c5ad18da0e3
  stage: 2018-02-09T14:52:06-07:00   54123a1d0f82ec5110a22c5ad18da0e3
sections/testimonials.liquid:
  development: 2018-02-09T14:51:58-07:00   ee64af2483506759560175656d60a00d
  stage: 2018-02-09T14:51:58-07:00   ee64af2483506759560175656d60a00d
sections/video-player.liquid:
  development: 2018-02-09T14:51:22-07:00   5337681916f841399093d854ae253da4
  stage: 2018-02-09T14:51:22-07:00   5337681916f841399093d854ae253da4
snippets/SEOManager-404.liquid:
  development: 2018-02-09T14:51:11-07:00   3fa469d89c8583e887971fb680354bdf
  stage: 2018-02-09T14:51:11-07:00   3fa469d89c8583e887971fb680354bdf
snippets/SEOManager.liquid:
  development: 2018-02-09T14:51:51-07:00   6647ffb51da372418ef2170aa6f1f048
  stage: 2018-02-09T14:51:51-07:00   6647ffb51da372418ef2170aa6f1f048
snippets/SEOMetaManager.liquid:
  development: 2018-02-01T14:46:34-07:00   63248d1bdd7cdcb0e8ba9bfd7ea6e95a
  stage: 2018-02-01T14:46:34-07:00   63248d1bdd7cdcb0e8ba9bfd7ea6e95a
snippets/ajax-cart-template.liquid:
  development: 2018-02-09T14:51:46-07:00   da2d771cd1aebf8e29d09a4c3e7f5321
  stage: 2018-02-09T14:51:46-07:00   da2d771cd1aebf8e29d09a4c3e7f5321
snippets/breadcrumb.liquid:
  development: 2018-02-09T14:51:01-07:00   cd8f73204e1877d0e092d24aae802daf
  stage: 2018-02-09T14:51:01-07:00   cd8f73204e1877d0e092d24aae802daf
snippets/bt-grid__image.liquid:
  development: 2018-02-09T14:52:03-07:00   fed95c5eefdc43a96220a19a84295251
  stage: 2018-02-09T14:52:03-07:00   fed95c5eefdc43a96220a19a84295251
snippets/bt-grid__text.liquid:
  development: 2018-02-16T09:57:41-07:00   a6dbfb5f1c8eeea36b0ca1843f3a2840
  stage: 2018-02-09T14:51:45-07:00   a6dbfb5f1c8eeea36b0ca1843f3a2840
snippets/collection-loop.liquid:
  development: 2018-02-09T14:51:08-07:00   3252c3db08b39ac83137194f60252939
  stage: 2018-02-09T14:51:08-07:00   3252c3db08b39ac83137194f60252939
snippets/collection-sidebar.liquid:
  development: 2018-02-09T14:51:49-07:00   0dbdf54c8879fc86dcc63c63bfdb46d8
  stage: 2018-02-09T14:51:49-07:00   0dbdf54c8879fc86dcc63c63bfdb46d8
snippets/comment.liquid:
  development: 2018-02-16T09:57:38-07:00   1cbde57d9124aa7debcea5993830905c
  stage: 2018-02-09T14:51:24-07:00   1cbde57d9124aa7debcea5993830905c
snippets/currencies.liquid:
  development: 2018-02-09T14:51:01-07:00   f2212b88bd504da9f5c833271f9598a1
  stage: 2018-02-09T14:51:01-07:00   f2212b88bd504da9f5c833271f9598a1
snippets/customer_links.liquid:
  development: 2018-02-09T14:52:08-07:00   8222c5efe66ad4cb3179eacef6f0e3d3
  stage: 2018-02-09T14:52:08-07:00   8222c5efe66ad4cb3179eacef6f0e3d3
snippets/defineParallaxAttributes.liquid:
  development: 2018-02-09T14:51:26-07:00   0a1f9cdb8825719d55070121f10e1dce
  stage: 2018-02-09T14:51:26-07:00   0a1f9cdb8825719d55070121f10e1dce
snippets/drawer-cart.liquid:
  development: 2018-02-09T14:51:33-07:00   5e27bff79658f3fea63eaf15f711364b
  stage: 2018-02-09T14:51:33-07:00   5e27bff79658f3fea63eaf15f711364b
snippets/drawer-nav-menu.liquid:
  development: 2018-02-09T14:51:37-07:00   3bab8c457a383f67a4500a3ec0158539
  stage: 2018-02-09T14:51:37-07:00   3bab8c457a383f67a4500a3ec0158539
snippets/drawer-nav.liquid:
  development: 2018-02-09T14:51:50-07:00   1c94fd2bcba1cc9a50006e5886d65b09
  stage: 2018-02-09T14:51:50-07:00   1c94fd2bcba1cc9a50006e5886d65b09
snippets/dropdown.liquid:
  development: 2018-02-09T14:51:02-07:00   b7dcc36a83de55708859ca44cf664629
  stage: 2018-02-09T14:51:02-07:00   b7dcc36a83de55708859ca44cf664629
snippets/email-signup.liquid:
  development: 2018-02-09T14:52:02-07:00   b4a570ebe9129a1a7a7dc84af8cb95cb
  stage: 2018-02-09T14:52:02-07:00   b4a570ebe9129a1a7a7dc84af8cb95cb
snippets/footer-payments.liquid:
  development: 2018-02-09T14:51:47-07:00   27b6285ac9b70b9e0e2dd94268a3609b
  stage: 2018-02-09T14:51:47-07:00   27b6285ac9b70b9e0e2dd94268a3609b
snippets/gem-app-footer-scripts.liquid:
  development: 2017-11-28T08:52:12-07:00   c753d14da1d74b4080ae937268fe38ab
  stage: 2017-11-28T08:52:12-07:00   c753d14da1d74b4080ae937268fe38ab
snippets/gem-app-header-scripts.liquid:
  development: 2017-11-28T08:52:12-07:00   320846ac5f9ed89353e869338a7f6ce5
  stage: 2017-11-28T08:52:12-07:00   320846ac5f9ed89353e869338a7f6ce5
snippets/google-fonts.liquid:
  development: 2018-02-09T14:51:53-07:00   b2bc6310dcd33a480b1d276583efd9ff
  stage: 2018-02-09T14:51:53-07:00   b2bc6310dcd33a480b1d276583efd9ff
snippets/grid__image.liquid:
  development: 2018-02-09T14:51:40-07:00   41bc7ac08d53f82da9d19ca77435420f
  stage: 2018-02-09T14:51:40-07:00   41bc7ac08d53f82da9d19ca77435420f
snippets/grid__text.liquid:
  development: 2018-02-16T09:57:31-07:00   d44ec8b4464fa7d91ce478415a31bd5f
  stage: 2018-02-09T14:51:27-07:00   d44ec8b4464fa7d91ce478415a31bd5f
snippets/helper-default-products.liquid:
  development: 2018-02-09T14:51:02-07:00   56c82f9e61916a6a6c8a39b3efb2992e
  stage: 2018-02-09T14:51:02-07:00   56c82f9e61916a6a6c8a39b3efb2992e
snippets/helper-homepage-products.liquid:
  development: 2018-02-09T14:51:30-07:00   a098fe5adb2ffeff0ad038890048123b
  stage: 2018-02-09T14:51:30-07:00   a098fe5adb2ffeff0ad038890048123b
snippets/icons-payment.liquid:
  development: 2018-02-09T14:51:48-07:00   123c74554e954d979a7c4aafc96639fa
  stage: 2018-02-09T14:51:48-07:00   123c74554e954d979a7c4aafc96639fa
snippets/icons.svg.liquid:
  development: 2018-02-09T14:51:03-07:00   3e7104854d680f95b44f484df6261fda
  stage: 2018-02-09T14:51:03-07:00   3e7104854d680f95b44f484df6261fda
snippets/mobile-menu.liquid:
  development: 2018-02-09T14:51:11-07:00   c6d393381e59633c58d3f02e4bed5db2
  stage: 2018-02-09T14:51:11-07:00   c6d393381e59633c58d3f02e4bed5db2
snippets/navigation.liquid:
  development: 2018-02-09T14:51:21-07:00   e6da4bf2998747dc96f0e6d6d9531233
  stage: 2018-02-09T14:51:21-07:00   e6da4bf2998747dc96f0e6d6d9531233
snippets/oldIE-js.liquid:
  development: 2018-02-09T14:51:06-07:00   4b82e4d33672e4aee6c08c5fa280783a
  stage: 2018-02-09T14:51:06-07:00   4b82e4d33672e4aee6c08c5fa280783a
snippets/onboarding-empty-collection.liquid:
  development: 2018-02-09T14:51:31-07:00   01a80117ee9ee3e901df7ab23718b406
  stage: 2018-02-09T14:51:31-07:00   01a80117ee9ee3e901df7ab23718b406
snippets/onboarding-featured-blog.liquid:
  development: 2018-02-09T14:52:06-07:00   150a421cf3f7554bd865f6fde80aad75
  stage: 2018-02-09T14:52:06-07:00   150a421cf3f7554bd865f6fde80aad75
snippets/onboarding-featured-collections.liquid:
  development: 2018-02-09T14:52:03-07:00   235f4cd2c68012a05bb47b3ee7f88be3
  stage: 2018-02-09T14:52:03-07:00   235f4cd2c68012a05bb47b3ee7f88be3
snippets/onboarding-featured-products.liquid:
  development: 2018-02-16T09:57:33-07:00   0d58563ddf3b5dbbc438421dd870bccd
  stage: 2018-02-09T14:51:43-07:00   0d58563ddf3b5dbbc438421dd870bccd
snippets/onboarding-product-feature-carousel.liquid:
  development: 2018-02-09T14:51:45-07:00   4aa1ed63f077926a14dab63ece1ab30c
  stage: 2018-02-09T14:51:45-07:00   4aa1ed63f077926a14dab63ece1ab30c
snippets/pagination.liquid:
  development: 2018-02-09T14:52:09-07:00   04f0fe57d9ca3a56adae5790b60023c9
  stage: 2018-02-09T14:52:09-07:00   04f0fe57d9ca3a56adae5790b60023c9
snippets/price-spider-header-scripts.liquid:
  development: 2018-02-09T14:51:55-07:00   a6e8807d64c30ea6f20555fcb05d6262
  stage: 2018-02-09T14:51:55-07:00   a6e8807d64c30ea6f20555fcb05d6262
snippets/product-grid-item.liquid:
  development: 2018-02-16T09:57:35-07:00   c5dfb6f44fa46a98acc019e5092702d1
  stage: 2018-02-09T14:51:57-07:00   c5dfb6f44fa46a98acc019e5092702d1
snippets/product-related.liquid:
  development: 2018-02-09T14:51:54-07:00   e74fc776fa6a50f2b86f267a9d47ce69
  stage: 2018-02-09T14:51:54-07:00   e74fc776fa6a50f2b86f267a9d47ce69
snippets/product-to-compare.liquid:
  development: 2018-02-16T09:57:40-07:00   f1642d871cb8031afd839c2028dde9e3
  stage: 2018-02-16T11:52:22-07:00   f1642d871cb8031afd839c2028dde9e3
snippets/recipe-ingredients.liquid:
  development: 2018-02-14T16:14:10-07:00   942099705319f563de398045093c66c7
  stage: 2018-02-16T11:52:28-07:00   1925f2421c17b2bd3ce9836e49438158
snippets/related-products.liquid:
  development: 2018-02-09T14:51:17-07:00   b9205234c80df27dedb18c94edaef388
  stage: 2018-02-09T14:51:17-07:00   b9205234c80df27dedb18c94edaef388
snippets/respond.liquid:
  development: 2018-02-09T14:52:01-07:00   74cf1efdc4d02f96d49d9b04451c5111
  stage: 2018-02-09T14:52:01-07:00   74cf1efdc4d02f96d49d9b04451c5111
snippets/search-bar.liquid:
  development: 2018-02-09T14:51:55-07:00   fe5a3b80ae1a9ca6629585b4c6a0e0b3
  stage: 2018-02-09T14:51:55-07:00   fe5a3b80ae1a9ca6629585b4c6a0e0b3
snippets/shogun-products.liquid:
  development: 2018-02-12T19:24:18-07:00   e07c84fd4bc7145ad654d5574dfb79a1
  stage: 2018-02-16T11:51:45-07:00   50c3dc5730e6b956fde5079e9b07571e
snippets/social-meta-tags.liquid:
  development: 2018-02-09T14:51:10-07:00   1d1e3b95a510baec35f3fd284867e628
  stage: 2018-02-09T14:51:10-07:00   1d1e3b95a510baec35f3fd284867e628
snippets/social-sharing.liquid:
  development: 2018-02-16T09:57:33-07:00   06ae90c6a9c5b4f4f6112af0f15dc001
  stage: 2018-02-09T14:51:17-07:00   06ae90c6a9c5b4f4f6112af0f15dc001
snippets/social_buttons.liquid:
  development: 2018-02-16T09:57:34-07:00   bded8a02f50803cb41b86252bdd06603
  stage: 2018-02-09T14:51:22-07:00   bded8a02f50803cb41b86252bdd06603
snippets/social_links.liquid:
  development: 2018-02-16T09:57:24-07:00   871ccec7ee69e4bdd1a183163d375085
  stage: 2018-02-09T14:51:07-07:00   871ccec7ee69e4bdd1a183163d375085
snippets/tags-article.liquid:
  development: 2018-02-09T14:51:03-07:00   056f55f45e57558dc3bb0b90e0bd6b00
  stage: 2018-02-09T14:51:03-07:00   056f55f45e57558dc3bb0b90e0bd6b00
snippets/theme-info.liquid:
  development: 2018-02-09T14:51:46-07:00   671820c39aa1dcd3fd0e7917bd430c5a
  stage: 2018-02-09T14:51:46-07:00   671820c39aa1dcd3fd0e7917bd430c5a
templates/404.liquid:
  development: 2018-02-16T09:57:37-07:00   0c85f6723c6a9d212c06a2fde696860d
  stage: 2018-02-16T09:04:18-07:00   0c85f6723c6a9d212c06a2fde696860d
templates/404.preSEOManager.liquid:
  development: 2018-02-09T14:52:07-07:00   0c85f6723c6a9d212c06a2fde696860d
  stage: 2018-02-09T14:52:07-07:00   0c85f6723c6a9d212c06a2fde696860d
templates/article.liquid:
  development: 2018-02-16T18:46:05-05:00   c1d219629f1de2da1abb1dd77aaccc14
  stage: 2018-02-09T14:51:48-07:00   026aa57ce31900681de2e57569c5b8ad
templates/article.recipe.liquid:
  development: 2018-02-16T18:46:51-05:00   8a2893203153958011516d69b0addaed
  stage: 2018-02-09T14:51:32-07:00   413f57f550a21a5e5283ff5ecf690702
templates/blog.liquid:
  development: 2018-02-09T14:51:07-07:00   02bd6c5a55d29139ba1933e3ee8b149d
  stage: 2018-02-09T14:51:07-07:00   02bd6c5a55d29139ba1933e3ee8b149d
templates/cart.liquid:
  development: 2018-02-09T14:51:50-07:00   74c37c90b7d09c6820120edcbe4ddb53
  stage: 2018-02-09T14:51:50-07:00   74c37c90b7d09c6820120edcbe4ddb53
templates/collection.liquid:
  development: 2018-02-16T09:57:27-07:00   b6766ba53815f5ffd880875f320ed4a2
  stage: 2018-02-09T14:51:04-07:00   b6766ba53815f5ffd880875f320ed4a2
templates/customers/account.liquid:
  development: 2018-02-16T09:57:30-07:00   ca6253e631976350803a7d8ba3aaefff
  stage: 2018-02-09T14:51:27-07:00   ca6253e631976350803a7d8ba3aaefff
templates/customers/activate_account.liquid:
  development: 2018-02-09T14:51:43-07:00   f34e7dfd073fb41a7829d8ca707f073f
  stage: 2018-02-09T14:51:43-07:00   f34e7dfd073fb41a7829d8ca707f073f
templates/customers/addresses.liquid:
  development: 2018-02-16T09:57:29-07:00   53be2bb79ca7157c493c70b8b3b117f9
  stage: 2018-02-09T14:51:24-07:00   53be2bb79ca7157c493c70b8b3b117f9
templates/customers/login.liquid:
  development: 2018-02-09T14:52:04-07:00   a611dd492880707b81edc5a92876fa6d
  stage: 2018-02-09T14:52:04-07:00   a611dd492880707b81edc5a92876fa6d
templates/customers/order.liquid:
  development: 2018-02-09T14:52:02-07:00   1514d53f1a316c8bf739fc253d39c851
  stage: 2018-02-09T14:52:02-07:00   1514d53f1a316c8bf739fc253d39c851
templates/customers/register.liquid:
  development: 2018-02-09T14:51:34-07:00   ae98245800394203366d2f110359fd05
  stage: 2018-02-09T14:51:34-07:00   ae98245800394203366d2f110359fd05
templates/customers/reset_password.liquid:
  development: 2018-02-09T14:51:18-07:00   b29c9a1dd8dbe2cdececfeb462436fca
  stage: 2018-02-09T14:51:18-07:00   b29c9a1dd8dbe2cdececfeb462436fca
templates/gift_card.liquid:
  development: 2018-02-16T09:57:44-07:00   a00db5891edf581d55cce792c5f5abf5
  stage: 2018-02-09T14:51:20-07:00   a00db5891edf581d55cce792c5f5abf5
templates/index.gem-preview.liquid:
  development: 2018-02-09T12:35:44-07:00   8d31352054b7314e4bda61f1d2344126
  stage: 2017-12-07T11:24:03-07:00   8d31352054b7314e4bda61f1d2344126
templates/index.liquid:
  development: 2018-02-09T14:51:34-07:00   19228af4ae8f37687f7e499fd88b2b83
  stage: 2018-02-09T14:51:34-07:00   19228af4ae8f37687f7e499fd88b2b83
templates/list-collections.liquid:
  development: 2018-02-09T14:51:12-07:00   39255ae5d87ca24b41f7f22d8c2f4130
  stage: 2018-02-09T14:51:12-07:00   39255ae5d87ca24b41f7f22d8c2f4130
templates/page.contact.liquid:
  development: 2018-02-09T14:52:10-07:00   30fb80a5ebb17188dcffca13aa58dbf8
  stage: 2018-02-09T14:52:10-07:00   30fb80a5ebb17188dcffca13aa58dbf8
templates/page.find-a-store.liquid:
  development: 2018-02-16T09:57:43-07:00   89d187980336f1783de6fdfe06ae2c9a
  stage: 2018-02-09T14:51:53-07:00   89d187980336f1783de6fdfe06ae2c9a
templates/page.liquid:
  development: 2018-02-13T11:42:10-07:00   4236bd7bdaeaf79ae19a3e1a99ba02a8
  stage: 2018-02-13T11:42:10-07:00   4236bd7bdaeaf79ae19a3e1a99ba02a8
templates/page.product-compare.liquid:
  development: 2018-02-13T13:43:15-07:00   f4248ce232dc369193985a9b06530bcf
  stage: 2018-02-16T11:52:24-07:00   0e9d9c32baea24758216f345d2981a2b
templates/page.registration.liquid:
  development: 2018-02-09T14:51:35-07:00   fb85f9201722b2294e054a167facae7d
  stage: 2018-02-09T14:51:35-07:00   fb85f9201722b2294e054a167facae7d
templates/page.shogun.default.liquid:
  development: 2018-02-16T09:57:25-07:00   50b4b737787e5072d097a6d69a783b1e
  stage: 2018-02-09T14:51:38-07:00   50b4b737787e5072d097a6d69a783b1e
templates/page.warranties.liquid:
  development: 2018-02-16T09:57:43-07:00   d050cbd49b2d9298255ffa0d4c092503
  stage: 2018-02-09T14:51:05-07:00   d050cbd49b2d9298255ffa0d4c092503
templates/password.liquid:
  development: 2018-02-09T14:51:40-07:00   0d15af45a7047aee0828379b2eadc38a
  stage: 2018-02-09T14:51:40-07:00   0d15af45a7047aee0828379b2eadc38a
templates/product.liquid:
  development: 2018-02-09T14:51:13-07:00   dc63926f999ba8f2f4ba9e4a5adb90ba
  stage: 2018-02-09T14:51:13-07:00   dc63926f999ba8f2f4ba9e4a5adb90ba
templates/search.SEOManagerTags.liquid:
  development: 2018-02-16T09:57:35-07:00   52bbb0d344a8a05ac6110df3149a0fad
  stage: 2018-02-09T14:51:18-07:00   52bbb0d344a8a05ac6110df3149a0fad
templates/search.liquid:
  development: 2018-02-09T14:51:23-07:00   aafa7975e300db10400ad640949e61a2
  stage: 2018-02-09T14:51:23-07:00   aafa7975e300db10400ad640949e61a2
